
Microsoft Visual Studio Solution File, Format Version 12.00
# Visual Studio Version 16
VisualStudioVersion = 16.0.30011.22
MinimumVisualStudioVersion = 10.0.40219.1
Project("{2150E333-8FDC-42A3-9474-1A3956D46DE8}") = "Solution Items", "Solution Items", "{A0009D1B-3EB9-402E-BD09-31CB10F582A0}"
	ProjectSection(SolutionItems) = preProject
		.drone.yml = .drone.yml
		.env.example = .env.example
		.gitignore = .gitignore
		.travis.yml = .travis.yml
		docker-compose.yml = docker-compose.yml
		Dockerfile = Dockerfile
		README.md = README.md
		sonic.cfg = sonic.cfg
	EndProjectSection
EndProject
Project("{9A19103F-16F7-4668-BE54-9A1E7A4F7556}") = "MessageExporter", "MessageExporter\MessageExporter.csproj", "{DDACD50C-C332-4F0A-95A9-89A42AEF7DBE}"
EndProject
Project("{9A19103F-16F7-4668-BE54-9A1E7A4F7556}") = "TelegramSearchBot", "TelegramSearchBot\TelegramSearchBot.csproj", "{85931FBE-F0AF-4EC9-B67F-B5D2E409421A}"
EndProject
Project("{9A19103F-16F7-4668-BE54-9A1E7A4F7556}") = "TelegramSearchBot.CommonModel", "CommonModel\TelegramSearchBot.CommonModel.csproj", "{C4379B1D-4239-490A-A097-0FCF2AC163BF}"
EndProject
Global
	GlobalSection(SolutionConfigurationPlatforms) = preSolution
		Debug|Any CPU = Debug|Any CPU
		Release|Any CPU = Release|Any CPU
	EndGlobalSection
	GlobalSection(ProjectConfigurationPlatforms) = postSolution
		{DDACD50C-C332-4F0A-95A9-89A42AEF7DBE}.Debug|Any CPU.ActiveCfg = Debug|Any CPU
		{DDACD50C-C332-4F0A-95A9-89A42AEF7DBE}.Debug|Any CPU.Build.0 = Debug|Any CPU
		{DDACD50C-C332-4F0A-95A9-89A42AEF7DBE}.Release|Any CPU.ActiveCfg = Release|Any CPU
		{DDACD50C-C332-4F0A-95A9-89A42AEF7DBE}.Release|Any CPU.Build.0 = Release|Any CPU
		{85931FBE-F0AF-4EC9-B67F-B5D2E409421A}.Debug|Any CPU.ActiveCfg = Debug|Any CPU
		{85931FBE-F0AF-4EC9-B67F-B5D2E409421A}.Debug|Any CPU.Build.0 = Debug|Any CPU
		{85931FBE-F0AF-4EC9-B67F-B5D2E409421A}.Release|Any CPU.ActiveCfg = Release|Any CPU
		{85931FBE-F0AF-4EC9-B67F-B5D2E409421A}.Release|Any CPU.Build.0 = Release|Any CPU
		{C4379B1D-4239-490A-A097-0FCF2AC163BF}.Debug|Any CPU.ActiveCfg = Debug|Any CPU
		{C4379B1D-4239-490A-A097-0FCF2AC163BF}.Debug|Any CPU.Build.0 = Debug|Any CPU
		{C4379B1D-4239-490A-A097-0FCF2AC163BF}.Release|Any CPU.ActiveCfg = Release|Any CPU
		{C4379B1D-4239-490A-A097-0FCF2AC163BF}.Release|Any CPU.Build.0 = Release|Any CPU
	EndGlobalSection
	GlobalSection(SolutionProperties) = preSolution
		HideSolutionNode = FALSE
	EndGlobalSection
	GlobalSection(ExtensibilityGlobals) = postSolution
		SolutionGuid = {E2AF2984-9F0D-4AE2-B4E3-683F44BE1D98}
	EndGlobalSection
EndGlobal
