
Microsoft Visual Studio Solution File, Format Version 12.00
# Visual Studio Version 17
VisualStudioVersion = 17.4.33122.133
MinimumVisualStudioVersion = 10.0.40219.1
Project("{2150E333-8FDC-42A3-9474-1A3956D46DE8}") = "Solution Items", "Solution Items", "{A0009D1B-3EB9-402E-BD09-31CB10F582A0}"
	ProjectSection(SolutionItems) = preProject
		.drone.yml = .drone.yml
		.env.example = .env.example
		.gitignore = .gitignore
		.travis.yml = .travis.yml
		azure-pipelines.yml = azure-pipelines.yml
		docker-compose.yml = docker-compose.yml
		Dockerfile = Dockerfile
		Dockerfile.build = Dockerfile.build
		Dockerfile.tessdata = Dockerfile.tessdata
		Dockerfile.tesseract = Dockerfile.tesseract
		Jenkinsfile = Jenkinsfile
		README.md = README.md
		sonic.cfg = sonic.cfg
	EndProjectSection
EndProject
Project("{9A19103F-16F7-4668-BE54-9A1E7A4F7556}") = "TelegramSearchBot", "TelegramSearchBot\TelegramSearchBot.csproj", "{85931FBE-F0AF-4EC9-B67F-B5D2E409421A}"
EndProject
Project("{9A19103F-16F7-4668-BE54-9A1E7A4F7556}") = "MessageSaveStore", "MessageSaveStore\MessageSaveStore.csproj", "{C7148767-C6AE-4F0C-A45D-A54916E25058}"
EndProject
Project("{9A19103F-16F7-4668-BE54-9A1E7A4F7556}") = "TelegramSearchBot.Common", "Common\TelegramSearchBot.Common.csproj", "{B4B8259E-2E7C-403F-870E-A1A056C32EE6}"
EndProject
Project("{FAE04EC0-301F-11D3-BF4B-00C04F79EFBC}") = "LuceneSearch", "LuceneSearch\LuceneSearch.csproj", "{1FB35CAA-9B52-4A6B-8942-B385B552F079}"
EndProject
Project("{FAE04EC0-301F-11D3-BF4B-00C04F79EFBC}") = "AutoQR", "AutoQR\AutoQR.csproj", "{508E7677-F1E3-49DA-A0D1-EF1D83671FDF}"
EndProject
Project("{FAE04EC0-301F-11D3-BF4B-00C04F79EFBC}") = "AutoPaddleOCR", "AutoPaddleOCR\AutoPaddleOCR.csproj", "{E4093C10-6599-424B-A5BE-DD6F7AE7913E}"
EndProject
Global
	GlobalSection(SolutionConfigurationPlatforms) = preSolution
		Debug|Any CPU = Debug|Any CPU
		Release|Any CPU = Release|Any CPU
	EndGlobalSection
	GlobalSection(ProjectConfigurationPlatforms) = postSolution
		{85931FBE-F0AF-4EC9-B67F-B5D2E409421A}.Debug|Any CPU.ActiveCfg = Debug|Any CPU
		{85931FBE-F0AF-4EC9-B67F-B5D2E409421A}.Debug|Any CPU.Build.0 = Debug|Any CPU
		{85931FBE-F0AF-4EC9-B67F-B5D2E409421A}.Release|Any CPU.ActiveCfg = Release|Any CPU
		{85931FBE-F0AF-4EC9-B67F-B5D2E409421A}.Release|Any CPU.Build.0 = Release|Any CPU
		{C7148767-C6AE-4F0C-A45D-A54916E25058}.Debug|Any CPU.ActiveCfg = Debug|Any CPU
		{C7148767-C6AE-4F0C-A45D-A54916E25058}.Debug|Any CPU.Build.0 = Debug|Any CPU
		{C7148767-C6AE-4F0C-A45D-A54916E25058}.Release|Any CPU.ActiveCfg = Release|Any CPU
		{C7148767-C6AE-4F0C-A45D-A54916E25058}.Release|Any CPU.Build.0 = Release|Any CPU
		{B4B8259E-2E7C-403F-870E-A1A056C32EE6}.Debug|Any CPU.ActiveCfg = Debug|Any CPU
		{B4B8259E-2E7C-403F-870E-A1A056C32EE6}.Debug|Any CPU.Build.0 = Debug|Any CPU
		{B4B8259E-2E7C-403F-870E-A1A056C32EE6}.Release|Any CPU.ActiveCfg = Release|Any CPU
		{B4B8259E-2E7C-403F-870E-A1A056C32EE6}.Release|Any CPU.Build.0 = Release|Any CPU
		{1FB35CAA-9B52-4A6B-8942-B385B552F079}.Debug|Any CPU.ActiveCfg = Debug|Any CPU
		{1FB35CAA-9B52-4A6B-8942-B385B552F079}.Debug|Any CPU.Build.0 = Debug|Any CPU
		{1FB35CAA-9B52-4A6B-8942-B385B552F079}.Release|Any CPU.ActiveCfg = Release|Any CPU
		{1FB35CAA-9B52-4A6B-8942-B385B552F079}.Release|Any CPU.Build.0 = Release|Any CPU
		{508E7677-F1E3-49DA-A0D1-EF1D83671FDF}.Debug|Any CPU.ActiveCfg = Debug|Any CPU
		{508E7677-F1E3-49DA-A0D1-EF1D83671FDF}.Debug|Any CPU.Build.0 = Debug|Any CPU
		{508E7677-F1E3-49DA-A0D1-EF1D83671FDF}.Release|Any CPU.ActiveCfg = Release|Any CPU
		{508E7677-F1E3-49DA-A0D1-EF1D83671FDF}.Release|Any CPU.Build.0 = Release|Any CPU
		{E4093C10-6599-424B-A5BE-DD6F7AE7913E}.Debug|Any CPU.ActiveCfg = Debug|Any CPU
		{E4093C10-6599-424B-A5BE-DD6F7AE7913E}.Debug|Any CPU.Build.0 = Debug|Any CPU
		{E4093C10-6599-424B-A5BE-DD6F7AE7913E}.Release|Any CPU.ActiveCfg = Release|Any CPU
		{E4093C10-6599-424B-A5BE-DD6F7AE7913E}.Release|Any CPU.Build.0 = Release|Any CPU
	EndGlobalSection
	GlobalSection(SolutionProperties) = preSolution
		HideSolutionNode = FALSE
	EndGlobalSection
	GlobalSection(ExtensibilityGlobals) = postSolution
		SolutionGuid = {E2AF2984-9F0D-4AE2-B4E3-683F44BE1D98}
	EndGlobalSection
EndGlobal
